
Microsoft Visual Studio Solution File, Format Version 12.00
# Visual Studio Version 16
VisualStudioVersion = 16.0.30907.101
MinimumVisualStudioVersion = 10.0.40219.1
Project("{9A19103F-16F7-4668-BE54-9A1E7A4F7556}") = "WebsocketBroker", "WebsocketBroker\WebsocketBroker.csproj", "{9A061D8A-2C2B-4989-B052-D282C67CA24E}"
EndProject
Project("{9A19103F-16F7-4668-BE54-9A1E7A4F7556}") = "WebsocketBroker.Abstractions", "WebsocketBroker.Abstractions\WebsocketBroker.Abstractions.csproj", "{537A31EE-E437-403E-95C0-9EAB8C648636}"
EndProject
Project("{9A19103F-16F7-4668-BE54-9A1E7A4F7556}") = "WebsocketBroker.Core.Default", "WebsocketBroker.Core.Default\WebsocketBroker.Core.Default.csproj", "{11C6058E-4CF3-45A8-8CDB-31A9107F177F}"
EndProject
Project("{FAE04EC0-301F-11D3-BF4B-00C04F79EFBC}") = "WebsocketBroker.Core.IO", "WebsocketBroker.Core.IO\WebsocketBroker.Core.IO.csproj", "{B7240E67-D0C1-41B2-8505-5387D1194997}"
EndProject
Project("{2150E333-8FDC-42A3-9474-1A3956D46DE8}") = "Test", "Test", "{C0F56FBA-F83F-41AC-9E52-267BBB6A99EB}"
EndProject
Project("{FAE04EC0-301F-11D3-BF4B-00C04F79EFBC}") = "WebsocketBroker.Test", "WebsocketBroker.Test\WebsocketBroker.Test.csproj", "{72F384A9-4BBE-4A17-A7EC-82EC55A3264D}"
EndProject
Global
	GlobalSection(SolutionConfigurationPlatforms) = preSolution
		Debug|Any CPU = Debug|Any CPU
		Release|Any CPU = Release|Any CPU
	EndGlobalSection
	GlobalSection(ProjectConfigurationPlatforms) = postSolution
		{9A061D8A-2C2B-4989-B052-D282C67CA24E}.Debug|Any CPU.ActiveCfg = Debug|Any CPU
		{9A061D8A-2C2B-4989-B052-D282C67CA24E}.Debug|Any CPU.Build.0 = Debug|Any CPU
		{9A061D8A-2C2B-4989-B052-D282C67CA24E}.Release|Any CPU.ActiveCfg = Release|Any CPU
		{9A061D8A-2C2B-4989-B052-D282C67CA24E}.Release|Any CPU.Build.0 = Release|Any CPU
		{537A31EE-E437-403E-95C0-9EAB8C648636}.Debug|Any CPU.ActiveCfg = Debug|Any CPU
		{537A31EE-E437-403E-95C0-9EAB8C648636}.Debug|Any CPU.Build.0 = Debug|Any CPU
		{537A31EE-E437-403E-95C0-9EAB8C648636}.Release|Any CPU.ActiveCfg = Release|Any CPU
		{537A31EE-E437-403E-95C0-9EAB8C648636}.Release|Any CPU.Build.0 = Release|Any CPU
		{11C6058E-4CF3-45A8-8CDB-31A9107F177F}.Debug|Any CPU.ActiveCfg = Debug|Any CPU
		{11C6058E-4CF3-45A8-8CDB-31A9107F177F}.Debug|Any CPU.Build.0 = Debug|Any CPU
		{11C6058E-4CF3-45A8-8CDB-31A9107F177F}.Release|Any CPU.ActiveCfg = Release|Any CPU
		{11C6058E-4CF3-45A8-8CDB-31A9107F177F}.Release|Any CPU.Build.0 = Release|Any CPU
		{B7240E67-D0C1-41B2-8505-5387D1194997}.Debug|Any CPU.ActiveCfg = Debug|Any CPU
		{B7240E67-D0C1-41B2-8505-5387D1194997}.Debug|Any CPU.Build.0 = Debug|Any CPU
		{B7240E67-D0C1-41B2-8505-5387D1194997}.Release|Any CPU.ActiveCfg = Release|Any CPU
		{B7240E67-D0C1-41B2-8505-5387D1194997}.Release|Any CPU.Build.0 = Release|Any CPU
		{72F384A9-4BBE-4A17-A7EC-82EC55A3264D}.Debug|Any CPU.ActiveCfg = Debug|Any CPU
		{72F384A9-4BBE-4A17-A7EC-82EC55A3264D}.Debug|Any CPU.Build.0 = Debug|Any CPU
		{72F384A9-4BBE-4A17-A7EC-82EC55A3264D}.Release|Any CPU.ActiveCfg = Release|Any CPU
		{72F384A9-4BBE-4A17-A7EC-82EC55A3264D}.Release|Any CPU.Build.0 = Release|Any CPU
	EndGlobalSection
	GlobalSection(SolutionProperties) = preSolution
		HideSolutionNode = FALSE
	EndGlobalSection
	GlobalSection(NestedProjects) = preSolution
		{72F384A9-4BBE-4A17-A7EC-82EC55A3264D} = {C0F56FBA-F83F-41AC-9E52-267BBB6A99EB}
	EndGlobalSection
	GlobalSection(ExtensibilityGlobals) = postSolution
		SolutionGuid = {016063FF-B467-4E48-B277-C1B9D411068A}
	EndGlobalSection
EndGlobal
